{
  "name": "public",
  "requires": true,
  "lockfileVersion": 1,
  "dependencies": {
    "@material/animation": {
      "version": "4.0.0-canary.e851d4f40.0",
      "resolved": "https://registry.npmjs.org/@material/animation/-/animation-4.0.0-canary.e851d4f40.0.tgz",
      "integrity": "sha512-vpEp7ZDC69+WTYwPQkEbhU6ePz6Xx494XzEZZEx8v9gCHBhYlww+2FarKmKuYSZzrSgAxpNWKEW8+zSt+LjJpQ==",
      "requires": {
        "tslib": "^1.9.3"
      }
    },
    "@material/base": {
      "version": "4.0.0-canary.e851d4f40.0",
      "resolved": "https://registry.npmjs.org/@material/base/-/base-4.0.0-canary.e851d4f40.0.tgz",
      "integrity": "sha512-MpFAsiPNMYmSINpVSibD0qKBjTI3ZhzAgKbg1WqIUmsC5EEKIBwiaS5w+y7cZrXTtSB2qtR7gaV4ySY4bSKkcA==",
      "requires": {
        "tslib": "^1.9.3"
      }
    },
    "@material/button": {
      "version": "4.0.0-canary.e851d4f40.0",
      "resolved": "https://registry.npmjs.org/@material/button/-/button-4.0.0-canary.e851d4f40.0.tgz",
      "integrity": "sha512-bdVVviEqZ1RUBAulyfij72hD7ct3TulKr8JE3Yr8IaZefCc0ijqdqkktoNOA2bX7MikT3CdauEP8DCG8WwYUig==",
      "requires": {
        "@material/density": "^4.0.0-canary.e851d4f40.0",
        "@material/elevation": "^4.0.0-canary.e851d4f40.0",
        "@material/feature-targeting": "^4.0.0-canary.e851d4f40.0",
        "@material/ripple": "^4.0.0-canary.e851d4f40.0",
        "@material/rtl": "^4.0.0-canary.e851d4f40.0",
        "@material/shape": "^4.0.0-canary.e851d4f40.0",
        "@material/theme": "^4.0.0-canary.e851d4f40.0",
        "@material/typography": "^4.0.0-canary.e851d4f40.0"
      }
    },
    "@material/density": {
      "version": "4.0.0-canary.e851d4f40.0",
      "resolved": "https://registry.npmjs.org/@material/density/-/density-4.0.0-canary.e851d4f40.0.tgz",
      "integrity": "sha512-v2nHSv1G9c57yUEZ3UmAvt00DHshA6gmM1gb023D0gxtirC4dQiwOEnwmdEJsuLNPwo9zlcLUezgisZikLzr/Q=="
    },
    "@material/dom": {
      "version": "4.0.0-canary.e851d4f40.0",
      "resolved": "https://registry.npmjs.org/@material/dom/-/dom-4.0.0-canary.e851d4f40.0.tgz",
      "integrity": "sha512-6fSE4jckJ/rZ448wCmktdWX2RdPLTUUM67wWWPjPklt1JG/ZWMtgijqcgOTI4i0imJcVkV/buQNR56t5tkBFrA==",
      "requires": {
        "tslib": "^1.9.3"
      }
    },
    "@material/elevation": {
      "version": "4.0.0-canary.e851d4f40.0",
      "resolved": "https://registry.npmjs.org/@material/elevation/-/elevation-4.0.0-canary.e851d4f40.0.tgz",
      "integrity": "sha512-OjVI0GZC4t+WnOgZgynwe27IEZHbyLHQQRNOb9tY03c+ZKQzB4rQq8J0UcovUzi+8tPkVbF+yVkgua3qURPXNQ==",
      "requires": {
        "@material/animation": "^4.0.0-canary.e851d4f40.0",
        "@material/feature-targeting": "^4.0.0-canary.e851d4f40.0",
        "@material/theme": "^4.0.0-canary.e851d4f40.0"
      }
    },
    "@material/feature-targeting": {
      "version": "4.0.0-canary.e851d4f40.0",
      "resolved": "https://registry.npmjs.org/@material/feature-targeting/-/feature-targeting-4.0.0-canary.e851d4f40.0.tgz",
      "integrity": "sha512-/s7vYo8T2mN5CbOtgT7s16+0JGUiS+PJm/65uVmdfwfjXG8e2zk5LQxObJDAac6D6j8PfVXEzepne/+ueeGQmQ=="
    },
    "@material/floating-label": {
      "version": "4.0.0-canary.e851d4f40.0",
      "resolved": "https://registry.npmjs.org/@material/floating-label/-/floating-label-4.0.0-canary.e851d4f40.0.tgz",
      "integrity": "sha512-ZIarmGfmrLqW08Y9TbB9kM+OVv2drd9Ij5L5lCvYGDQbfBcHPT/HM0kWIGl+srX6OZOuBFO63PtAqvGewIM7XA==",
      "requires": {
        "@material/animation": "^4.0.0-canary.e851d4f40.0",
        "@material/base": "^4.0.0-canary.e851d4f40.0",
        "@material/rtl": "^4.0.0-canary.e851d4f40.0",
        "@material/theme": "^4.0.0-canary.e851d4f40.0",
        "@material/typography": "^4.0.0-canary.e851d4f40.0",
        "tslib": "^1.9.3"
      }
    },
    "@material/line-ripple": {
      "version": "4.0.0-canary.e851d4f40.0",
      "resolved": "https://registry.npmjs.org/@material/line-ripple/-/line-ripple-4.0.0-canary.e851d4f40.0.tgz",
      "integrity": "sha512-yd5IuKH1zDIMQHiYa9T6viv0Wq3XiWI7oHbpKCH8GP41Mz1yoZO7S1lEUsCTUgQGnQMh6pq/IiEgssbg3VllAQ==",
      "requires": {
        "@material/animation": "^4.0.0-canary.e851d4f40.0",
        "@material/base": "^4.0.0-canary.e851d4f40.0",
        "@material/theme": "^4.0.0-canary.e851d4f40.0",
        "tslib": "^1.9.3"
      }
    },
    "@material/mwc-base": {
      "version": "0.9.1",
      "resolved": "https://registry.npmjs.org/@material/mwc-base/-/mwc-base-0.9.1.tgz",
      "integrity": "sha512-f5ph1yk7Ofaw5v5OnIoLfNDiclPMJbT9Fqu0b7mj7ZdODfO7HbH5EwHgpDfxB1nzWc8Oimom3vRCx10k1Iv15g==",
      "requires": {
        "@material/base": "=4.0.0-canary.e851d4f40.0",
        "@material/dom": "=4.0.0-canary.e851d4f40.0",
        "@material/ripple": "=4.0.0-canary.e851d4f40.0",
        "lit-element": "^2.2.1",
        "tslib": "^1.10.0"
      }
    },
    "@material/mwc-button": {
      "version": "0.9.1",
      "resolved": "https://registry.npmjs.org/@material/mwc-button/-/mwc-button-0.9.1.tgz",
      "integrity": "sha512-OVvRCaeB8p0xFbLaX3TxU6UWxuDZSzY1FX2u0fy2cmF+F/3W72v113DwbvE513In7j/x5u2U8RimxOQMnsJGpQ==",
      "requires": {
        "@material/button": "=4.0.0-canary.e851d4f40.0",
        "@material/mwc-base": "^0.9.1",
        "@material/mwc-icon": "^0.9.1",
        "@material/mwc-ripple": "^0.9.1",
        "lit-element": "^2.2.1",
        "lit-html": "^1.1.2",
        "tslib": "^1.10.0"
      }
    },
    "@material/mwc-floating-label": {
      "version": "0.9.1",
      "resolved": "https://registry.npmjs.org/@material/mwc-floating-label/-/mwc-floating-label-0.9.1.tgz",
      "integrity": "sha512-eqp1WD5ANTg3Pu+oIwxeTkhcHryqk6SXpUwHUmiV78bJWQ+w2cjxNkfPQQYseaF+vtI2Z73OKrgnwR6tVzZjaA==",
      "requires": {
        "@material/floating-label": "=4.0.0-canary.e851d4f40.0",
        "lit-element": "^2.2.1",
        "lit-html": "^1.1.2",
        "tslib": "^1.10.0"
      }
    },
    "@material/mwc-icon": {
      "version": "0.9.1",
      "resolved": "https://registry.npmjs.org/@material/mwc-icon/-/mwc-icon-0.9.1.tgz",
      "integrity": "sha512-DYvoMeIYtOgQr3j+ALUTev6Txiezf4ihyFzccL4wyYvxxRbLk8BbeAnsFrTlYifAFpiJASoA2C2brdaHFf0GpA==",
      "requires": {
        "@material/mwc-base": "^0.9.1",
        "lit-element": "^2.2.1",
        "tslib": "^1.10.0"
      }
    },
    "@material/mwc-line-ripple": {
      "version": "0.9.1",
      "resolved": "https://registry.npmjs.org/@material/mwc-line-ripple/-/mwc-line-ripple-0.9.1.tgz",
      "integrity": "sha512-EB6ZtBjAMWPO/5aP6h6nCVnfeNNUurRw3Etc/ZMVu8+//qt+KObISfDwkb0e1pDcBZ8//AS9moLWh7vV5IjTzA==",
      "requires": {
        "@material/line-ripple": "=4.0.0-canary.e851d4f40.0",
        "lit-element": "^2.2.1",
        "lit-html": "^1.1.2",
        "tslib": "^1.10.0"
      }
    },
    "@material/mwc-notched-outline": {
      "version": "0.9.1",
      "resolved": "https://registry.npmjs.org/@material/mwc-notched-outline/-/mwc-notched-outline-0.9.1.tgz",
      "integrity": "sha512-IX9zYBOHL3dG3qsGaT9jmUF6pT+kPauGb9PEQs9Dye09lsGwZ5tXJWKeDmyqYoecV8OhIkVDOgysxUEvUHki1w==",
      "requires": {
        "@material/mwc-base": "^0.9.1",
        "@material/notched-outline": "=4.0.0-canary.e851d4f40.0",
        "@material/shape": "=4.0.0-canary.e851d4f40.0",
        "@material/theme": "=4.0.0-canary.e851d4f40.0",
        "lit-element": "^2.2.1",
        "tslib": "^1.10.0"
      }
    },
    "@material/mwc-ripple": {
      "version": "0.9.1",
      "resolved": "https://registry.npmjs.org/@material/mwc-ripple/-/mwc-ripple-0.9.1.tgz",
      "integrity": "sha512-8ALMcFPxwM0ocXSLb5nfi+8cjT5R55DARhWoTfxsIL2JKBxpqv0EOgXQpVurtAQPb/4Z71ONboqWXfUq+kbZGw==",
      "requires": {
        "@material/dom": "=4.0.0-canary.e851d4f40.0",
        "@material/mwc-base": "^0.9.1",
        "@material/ripple": "=4.0.0-canary.e851d4f40.0",
        "lit-element": "^2.2.1",
        "lit-html": "^1.1.2",
        "tslib": "^1.10.0"
      }
    },
    "@material/mwc-textfield": {
      "version": "0.9.1",
      "resolved": "https://registry.npmjs.org/@material/mwc-textfield/-/mwc-textfield-0.9.1.tgz",
      "integrity": "sha512-03CFWGyAqjNGnNDUzUEkDY3vNrx/XLsKakh0iNgREQmOLT3iybOgVUmSZ21bcDxSnQd7/Fc4gclzCNVsPhI6xg==",
      "requires": {
        "@material/floating-label": "=4.0.0-canary.e851d4f40.0",
        "@material/line-ripple": "=4.0.0-canary.e851d4f40.0",
        "@material/mwc-base": "^0.9.1",
        "@material/mwc-floating-label": "^0.9.1",
        "@material/mwc-icon": "^0.9.1",
        "@material/mwc-line-ripple": "^0.9.1",
        "@material/mwc-notched-outline": "^0.9.1",
        "@material/shape": "=4.0.0-canary.e851d4f40.0",
        "@material/textfield": "=4.0.0-canary.e851d4f40.0",
        "@material/theme": "=4.0.0-canary.e851d4f40.0",
        "lit-element": "^2.2.1",
        "lit-html": "^1.1.2",
        "tslib": "^1.10.0"
      }
    },
    "@material/notched-outline": {
      "version": "4.0.0-canary.e851d4f40.0",
      "resolved": "https://registry.npmjs.org/@material/notched-outline/-/notched-outline-4.0.0-canary.e851d4f40.0.tgz",
      "integrity": "sha512-5vdXyxMWlJQFqSULlozzQt/MUq7lfVyckhtvTx7SGwFumjlFtZGOrWJOa1+KQiZo48DJQx6wu69MRq8IWghEQg==",
      "requires": {
        "@material/base": "^4.0.0-canary.e851d4f40.0",
        "@material/floating-label": "^4.0.0-canary.e851d4f40.0",
        "@material/rtl": "^4.0.0-canary.e851d4f40.0",
        "@material/shape": "^4.0.0-canary.e851d4f40.0",
        "@material/theme": "^4.0.0-canary.e851d4f40.0",
        "tslib": "^1.9.3"
      }
    },
    "@material/ripple": {
      "version": "4.0.0-canary.e851d4f40.0",
      "resolved": "https://registry.npmjs.org/@material/ripple/-/ripple-4.0.0-canary.e851d4f40.0.tgz",
      "integrity": "sha512-NYiDfxea/L7pM9uA6h8FogOCWm7qDjUHzfzmR3nnGL0I2RCXOYuKkbpjqBhlarX3xBz8SKmq+3Jl/UEoc6C9Aw==",
      "requires": {
        "@material/animation": "^4.0.0-canary.e851d4f40.0",
        "@material/base": "^4.0.0-canary.e851d4f40.0",
        "@material/dom": "^4.0.0-canary.e851d4f40.0",
        "@material/feature-targeting": "^4.0.0-canary.e851d4f40.0",
        "@material/theme": "^4.0.0-canary.e851d4f40.0",
        "tslib": "^1.9.3"
      }
    },
    "@material/rtl": {
      "version": "4.0.0-canary.e851d4f40.0",
      "resolved": "https://registry.npmjs.org/@material/rtl/-/rtl-4.0.0-canary.e851d4f40.0.tgz",
      "integrity": "sha512-Xo7BZJ82Ba5UZsE8uGTX5P21FDcVjJ4mhRptH2ovaPo6w8KpA29eYOi6zbaRkDEFU9YbSrekTmfRarui4ahbbw=="
    },
    "@material/shape": {
      "version": "4.0.0-canary.e851d4f40.0",
      "resolved": "https://registry.npmjs.org/@material/shape/-/shape-4.0.0-canary.e851d4f40.0.tgz",
      "integrity": "sha512-i1v7xS4pI+bddTTlgSpO4pZJhgF4nB4yp50WqKVKT4VzwaVYETyMSW2PnWJ6TUerH9IAz/BaeqVI8FGWdYvoUA==",
      "requires": {
        "@material/feature-targeting": "^4.0.0-canary.e851d4f40.0"
      }
    },
    "@material/textfield": {
      "version": "4.0.0-canary.e851d4f40.0",
      "resolved": "https://registry.npmjs.org/@material/textfield/-/textfield-4.0.0-canary.e851d4f40.0.tgz",
      "integrity": "sha512-X6AMhu/qpk8ayZ+QMJ/2IAxdVdDP1ZS+9uNKubdVugr1O3rtAaL0oe2cH6j0iOkJjDzJePwjjUdkRr+xtMSqkg==",
      "requires": {
        "@material/animation": "^4.0.0-canary.e851d4f40.0",
        "@material/base": "^4.0.0-canary.e851d4f40.0",
        "@material/dom": "^4.0.0-canary.e851d4f40.0",
        "@material/floating-label": "^4.0.0-canary.e851d4f40.0",
        "@material/line-ripple": "^4.0.0-canary.e851d4f40.0",
        "@material/notched-outline": "^4.0.0-canary.e851d4f40.0",
        "@material/ripple": "^4.0.0-canary.e851d4f40.0",
        "@material/rtl": "^4.0.0-canary.e851d4f40.0",
        "@material/shape": "^4.0.0-canary.e851d4f40.0",
        "@material/theme": "^4.0.0-canary.e851d4f40.0",
        "@material/typography": "^4.0.0-canary.e851d4f40.0",
        "tslib": "^1.9.3"
      }
    },
    "@material/theme": {
      "version": "4.0.0-canary.e851d4f40.0",
      "resolved": "https://registry.npmjs.org/@material/theme/-/theme-4.0.0-canary.e851d4f40.0.tgz",
      "integrity": "sha512-071SZ8TYsoBzOvISiIMca9O2/eJNcp7q/KGU/DWeks8wd8ygTd1AQG+jWHrLNM/QLQbGw5drDWxJvLF6XQPYUQ==",
      "requires": {
        "@material/feature-targeting": "^4.0.0-canary.e851d4f40.0"
      }
    },
    "@material/typography": {
      "version": "4.0.0-canary.e851d4f40.0",
      "resolved": "https://registry.npmjs.org/@material/typography/-/typography-4.0.0-canary.e851d4f40.0.tgz",
      "integrity": "sha512-8AeMJovgY5e4jOmnnsAfSAsZgxEo/HmHKkwpaZnxDuY2zGkRZnqQ+F147RpslkDWMJos235KFyAUuMuJ3okL6Q==",
      "requires": {
        "@material/feature-targeting": "^4.0.0-canary.e851d4f40.0"
      }
    },
    "@polymer/app-layout": {
      "version": "3.1.0",
      "resolved": "https://registry.npmjs.org/@polymer/app-layout/-/app-layout-3.1.0.tgz",
      "integrity": "sha512-+jf5/TtUDj/la9Vi59ooGNjnTN8JTkyIUK8gxAms0N3MmyeqrmcNLlJKDVyE6IIGKz0WfFeGKqKtmtTLHrZIlg==",
      "requires": {
        "@polymer/iron-flex-layout": "^3.0.0-pre.26",
        "@polymer/iron-media-query": "^3.0.0-pre.26",
        "@polymer/iron-resizable-behavior": "^3.0.0-pre.26",
        "@polymer/iron-scroll-target-behavior": "^3.0.0-pre.26",
        "@polymer/polymer": "^3.0.0"
      }
    },
    "@polymer/app-route": {
      "version": "3.0.2",
      "resolved": "https://registry.npmjs.org/@polymer/app-route/-/app-route-3.0.2.tgz",
      "integrity": "sha512-8Y34evmsaYh7ONr+zLwLzXaU0iOZZQj1E2uB3iaToQHbOP1POhKlnmAycBQ/eFB8BwrdSUBaDQk+rZhio78FQw==",
      "requires": {
        "@polymer/iron-location": "^3.0.0-pre.26",
        "@polymer/polymer": "^3.0.0"
      }
    },
    "@polymer/font-roboto": {
      "version": "3.0.2",
      "resolved": "https://registry.npmjs.org/@polymer/font-roboto/-/font-roboto-3.0.2.tgz",
      "integrity": "sha512-tx5TauYSmzsIvmSqepUPDYbs4/Ejz2XbZ1IkD7JEGqkdNUJlh+9KU85G56Tfdk/xjEZ8zorFfN09OSwiMrIQWA=="
    },
    "@polymer/iron-a11y-keys-behavior": {
      "version": "3.0.1",
      "resolved": "https://registry.npmjs.org/@polymer/iron-a11y-keys-behavior/-/iron-a11y-keys-behavior-3.0.1.tgz",
      "integrity": "sha512-lnrjKq3ysbBPT/74l0Fj0U9H9C35Tpw2C/tpJ8a+5g8Y3YJs1WSZYnEl1yOkw6sEyaxOq/1DkzH0+60gGu5/PQ==",
      "requires": {
        "@polymer/polymer": "^3.0.0"
      }
    },
    "@polymer/iron-behaviors": {
      "version": "3.0.1",
      "resolved": "https://registry.npmjs.org/@polymer/iron-behaviors/-/iron-behaviors-3.0.1.tgz",
      "integrity": "sha512-IMEwcv1lhf1HSQxuyWOUIL0lOBwmeaoSTpgCJeP9IBYnuB1SPQngmfRuHKgK6/m9LQ9F9miC7p3HeQQUdKAE0w==",
      "requires": {
        "@polymer/iron-a11y-keys-behavior": "^3.0.0-pre.26",
        "@polymer/polymer": "^3.0.0"
      }
    },
    "@polymer/iron-checked-element-behavior": {
      "version": "3.0.1",
      "resolved": "https://registry.npmjs.org/@polymer/iron-checked-element-behavior/-/iron-checked-element-behavior-3.0.1.tgz",
      "integrity": "sha512-aDr0cbCNVq49q+pOqa6CZutFh+wWpwPMLpEth9swx+GkAj+gCURhuQkaUYhIo5f2egDbEioR1aeHMnPlU9dQZA==",
      "requires": {
        "@polymer/iron-form-element-behavior": "^3.0.0-pre.26",
        "@polymer/iron-validatable-behavior": "^3.0.0-pre.26",
        "@polymer/polymer": "^3.0.0"
      }
    },
    "@polymer/iron-fit-behavior": {
      "version": "3.0.1",
      "resolved": "https://registry.npmjs.org/@polymer/iron-fit-behavior/-/iron-fit-behavior-3.0.1.tgz",
      "integrity": "sha512-/M0B1L30k31vmwNBaGuZcxzUAhJSHoGccb/DF0CDKI/hT8UlkTvcyemaWdOpmHHLgY52ceKIkRwA3AeXrKyvaQ==",
      "requires": {
        "@polymer/polymer": "^3.0.0"
      }
    },
    "@polymer/iron-flex-layout": {
      "version": "3.0.1",
      "resolved": "https://registry.npmjs.org/@polymer/iron-flex-layout/-/iron-flex-layout-3.0.1.tgz",
      "integrity": "sha512-7gB869czArF+HZcPTVSgvA7tXYFze9EKckvM95NB7SqYF+NnsQyhoXgKnpFwGyo95lUjUW9TFDLUwDXnCYFtkw==",
      "requires": {
        "@polymer/polymer": "^3.0.0"
      }
    },
    "@polymer/iron-form-element-behavior": {
      "version": "3.0.1",
      "resolved": "https://registry.npmjs.org/@polymer/iron-form-element-behavior/-/iron-form-element-behavior-3.0.1.tgz",
      "integrity": "sha512-G/e2KXyL5AY7mMjmomHkGpgS0uAf4ovNpKhkuUTRnMuMJuf589bKqE85KN4ovE1Tzhv2hJoh/igyD6ekHiYU1A==",
      "requires": {
        "@polymer/polymer": "^3.0.0"
      }
    },
    "@polymer/iron-icon": {
      "version": "3.0.1",
      "resolved": "https://registry.npmjs.org/@polymer/iron-icon/-/iron-icon-3.0.1.tgz",
      "integrity": "sha512-QLPwirk+UPZNaLnMew9VludXA4CWUCenRewgEcGYwdzVgDPCDbXxy6vRJjmweZobMQv/oVLppT2JZtJFnPxX6g==",
      "requires": {
        "@polymer/iron-flex-layout": "^3.0.0-pre.26",
        "@polymer/iron-meta": "^3.0.0-pre.26",
        "@polymer/polymer": "^3.0.0"
      }
    },
    "@polymer/iron-icons": {
      "version": "3.0.1",
      "resolved": "https://registry.npmjs.org/@polymer/iron-icons/-/iron-icons-3.0.1.tgz",
      "integrity": "sha512-xtEI8erH2GIBiF3QxEMyW81XuVjguu6Le5WjEEpX67qd9z7jjmc4T/ke3zRUlnDydex9p8ytcwVpMIKcyvjYAQ==",
      "requires": {
        "@polymer/iron-icon": "^3.0.0-pre.26",
        "@polymer/iron-iconset-svg": "^3.0.0-pre.26",
        "@polymer/polymer": "^3.0.0"
      }
    },
    "@polymer/iron-iconset-svg": {
      "version": "3.0.1",
      "resolved": "https://registry.npmjs.org/@polymer/iron-iconset-svg/-/iron-iconset-svg-3.0.1.tgz",
      "integrity": "sha512-XNwURbNHRw6u2fJe05O5fMYye6GSgDlDqCO+q6K1zAnKIrpgZwf2vTkBd5uCcZwsN0FyCB3mvNZx4jkh85dRDw==",
      "requires": {
        "@polymer/iron-meta": "^3.0.0-pre.26",
        "@polymer/polymer": "^3.0.0"
      }
    },
    "@polymer/iron-image": {
      "version": "3.0.2",
      "resolved": "https://registry.npmjs.org/@polymer/iron-image/-/iron-image-3.0.2.tgz",
      "integrity": "sha512-VyYtnewGozDb5sUeoLR1OvKzlt5WAL6b8Od7fPpio5oYL+9t061/nTV8+ZMrpMgF2WgB0zqM/3K53o3pbK5v8Q==",
      "requires": {
        "@polymer/polymer": "^3.0.0"
      }
    },
    "@polymer/iron-location": {
      "version": "3.0.2",
      "resolved": "https://registry.npmjs.org/@polymer/iron-location/-/iron-location-3.0.2.tgz",
      "integrity": "sha512-75XlPsrm6RQUPNzWWaA0TnTQaWZUYX8UB4Q6WCjikKWzmaSCCxlBrVVYf8WRqtCxw/PeCvLn5kGL6qhTlNTCEA==",
      "requires": {
        "@polymer/polymer": "^3.0.0"
      }
    },
    "@polymer/iron-media-query": {
      "version": "3.0.1",
      "resolved": "https://registry.npmjs.org/@polymer/iron-media-query/-/iron-media-query-3.0.1.tgz",
      "integrity": "sha512-czUX1pm1zfmfcZtq5J57XFkcobBv08Y50exp0/3v8Bos5VL/jv2tU0RwiTfDBxUMhjicGbgwEBFQPY2V5DMzyw==",
      "requires": {
        "@polymer/polymer": "^3.0.0"
      }
    },
    "@polymer/iron-meta": {
      "version": "3.0.1",
      "resolved": "https://registry.npmjs.org/@polymer/iron-meta/-/iron-meta-3.0.1.tgz",
      "integrity": "sha512-pWguPugiLYmWFV9UWxLWzZ6gm4wBwQdDy4VULKwdHCqR7OP7u98h+XDdGZsSlDPv6qoryV/e3tGHlTIT0mbzJA==",
      "requires": {
        "@polymer/polymer": "^3.0.0"
      }
    },
    "@polymer/iron-overlay-behavior": {
      "version": "3.0.2",
      "resolved": "https://registry.npmjs.org/@polymer/iron-overlay-behavior/-/iron-overlay-behavior-3.0.2.tgz",
      "integrity": "sha512-j1qmt6mJHCwpe1mKOvqK5kcCUPQr5LSrlqpgRDbUuLgUfNJ/vGTipjrkBlfbEUagm5FEQdc1VLPLSQP6WVuP9g==",
      "requires": {
        "@polymer/iron-a11y-keys-behavior": "^3.0.0-pre.26",
        "@polymer/iron-fit-behavior": "^3.0.0-pre.26",
        "@polymer/iron-resizable-behavior": "^3.0.0-pre.26",
        "@polymer/polymer": "^3.0.0"
      }
    },
    "@polymer/iron-resizable-behavior": {
      "version": "3.0.1",
      "resolved": "https://registry.npmjs.org/@polymer/iron-resizable-behavior/-/iron-resizable-behavior-3.0.1.tgz",
      "integrity": "sha512-FyHxRxFspVoRaeZSWpT3y0C9awomb4tXXolIJcZ7RvXhMP632V5lez+ch5G5SwK0LpnAPkg35eB0LPMFv+YMMQ==",
      "requires": {
        "@polymer/polymer": "^3.0.0"
      }
    },
    "@polymer/iron-scroll-target-behavior": {
      "version": "3.0.1",
      "resolved": "https://registry.npmjs.org/@polymer/iron-scroll-target-behavior/-/iron-scroll-target-behavior-3.0.1.tgz",
      "integrity": "sha512-xg1WanG25BIkQE8rhuReqY9zx1K5M7F+YAIYpswEp5eyDIaZ1Y3vUmVeQ3KG+hiSugzI1M752azXN7kvyhOBcQ==",
      "requires": {
        "@polymer/polymer": "^3.0.0"
      }
    },
    "@polymer/iron-selector": {
      "version": "3.0.1",
      "resolved": "https://registry.npmjs.org/@polymer/iron-selector/-/iron-selector-3.0.1.tgz",
      "integrity": "sha512-sBVk2uas6prW0glUe2xEJJYlvxmYzM40Au9OKbfDK2Qekou/fLKcBRyIYI39kuI8zWRaip8f3CI8qXcUHnKb1A==",
      "requires": {
        "@polymer/polymer": "^3.0.0"
      }
    },
    "@polymer/iron-validatable-behavior": {
      "version": "3.0.1",
      "resolved": "https://registry.npmjs.org/@polymer/iron-validatable-behavior/-/iron-validatable-behavior-3.0.1.tgz",
      "integrity": "sha512-wwpYh6wOa4fNI+jH5EYKC7TVPYQ2OfgQqocWat7GsNWcsblKYhLYbwsvEY5nO0n2xKqNfZzDLrUom5INJN7msQ==",
      "requires": {
        "@polymer/iron-meta": "^3.0.0-pre.26",
        "@polymer/polymer": "^3.0.0"
      }
    },
    "@polymer/neon-animation": {
      "version": "3.0.1",
      "resolved": "https://registry.npmjs.org/@polymer/neon-animation/-/neon-animation-3.0.1.tgz",
      "integrity": "sha512-cDDc0llpVCe0ATbDS3clDthI54Bc8YwZIeTGGmBJleKOvbRTUC5+ssJmRL+VwVh+VM5FlnQlx760ppftY3uprg==",
      "requires": {
        "@polymer/iron-resizable-behavior": "^3.0.0-pre.26",
        "@polymer/iron-selector": "^3.0.0-pre.26",
        "@polymer/polymer": "^3.0.0"
      }
    },
    "@polymer/paper-behaviors": {
      "version": "3.0.1",
      "resolved": "https://registry.npmjs.org/@polymer/paper-behaviors/-/paper-behaviors-3.0.1.tgz",
      "integrity": "sha512-6knhj69fPJejv8qR0kCSUY+Q0XjaUf0OSnkjRjmTJPAwSrRYtgqE+l6P1FfA+py1X/cUjgne9EF5rMZAKJIg1g==",
      "requires": {
        "@polymer/iron-behaviors": "^3.0.0-pre.26",
        "@polymer/iron-checked-element-behavior": "^3.0.0-pre.26",
        "@polymer/paper-ripple": "^3.0.0-pre.26",
        "@polymer/polymer": "^3.0.0"
      }
    },
    "@polymer/paper-dialog": {
      "version": "3.0.1",
      "resolved": "https://registry.npmjs.org/@polymer/paper-dialog/-/paper-dialog-3.0.1.tgz",
      "integrity": "sha512-KvglYbEq7AWJvui2j6WKLnOvgVMeGjovAydGrPRj7kVzCiD49Eq/hpYFJTRV5iDcalWH+mORUpw+jrFnG9+Kgw==",
      "requires": {
        "@polymer/iron-overlay-behavior": "^3.0.0-pre.27",
        "@polymer/neon-animation": "^3.0.0-pre.26",
        "@polymer/paper-dialog-behavior": "^3.0.0-pre.26",
        "@polymer/polymer": "^3.0.0"
      }
    },
    "@polymer/paper-dialog-behavior": {
      "version": "3.0.1",
      "resolved": "https://registry.npmjs.org/@polymer/paper-dialog-behavior/-/paper-dialog-behavior-3.0.1.tgz",
      "integrity": "sha512-wbI4kCK8le/9MHT+IXzvHjoatxf3kd3Yn0tgozAiAwfSZ7N4Ubpi5MHrK0m9S9PeIxKokAgBYdTUrezSE5378A==",
      "requires": {
        "@polymer/iron-overlay-behavior": "^3.0.0-pre.27",
        "@polymer/paper-styles": "^3.0.0-pre.26",
        "@polymer/polymer": "^3.0.0"
      }
    },
    "@polymer/paper-icon-button": {
      "version": "3.0.2",
      "resolved": "https://registry.npmjs.org/@polymer/paper-icon-button/-/paper-icon-button-3.0.2.tgz",
      "integrity": "sha512-kOdxQgnKL097bggFF6PWvsBYuWg+MCcoHoTHX6bh/MuZoWFZNjrFntFqwuB4oEbpjCpfm4moA33muPJFj7CihQ==",
      "requires": {
        "@polymer/iron-icon": "^3.0.0-pre.26",
        "@polymer/paper-behaviors": "^3.0.0-pre.27",
        "@polymer/paper-styles": "^3.0.0-pre.26",
        "@polymer/polymer": "^3.0.0"
      }
    },
    "@polymer/paper-ripple": {
      "version": "3.0.1",
      "resolved": "https://registry.npmjs.org/@polymer/paper-ripple/-/paper-ripple-3.0.1.tgz",
      "integrity": "sha512-dgOe12GyCF1VZBLUQqnzGWlf3xb255FajNCVB1VFj/AtskYtoamnafa7m3a+1vs+C8qbg4Benn5KwgxVDSW4cg==",
      "requires": {
        "@polymer/iron-a11y-keys-behavior": "^3.0.0-pre.26",
        "@polymer/polymer": "^3.0.0"
      }
    },
    "@polymer/paper-styles": {
      "version": "3.0.1",
      "resolved": "https://registry.npmjs.org/@polymer/paper-styles/-/paper-styles-3.0.1.tgz",
      "integrity": "sha512-y6hmObLqlCx602TQiSBKHqjwkE7xmDiFkoxdYGaNjtv4xcysOTdVJsDR/R9UHwIaxJ7gHlthMSykir1nv78++g==",
      "requires": {
        "@polymer/font-roboto": "^3.0.1",
        "@polymer/iron-flex-layout": "^3.0.0-pre.26",
        "@polymer/polymer": "^3.0.0"
      }
    },
    "@polymer/polymer": {
      "version": "3.3.0",
      "resolved": "https://registry.npmjs.org/@polymer/polymer/-/polymer-3.3.0.tgz",
      "integrity": "sha512-rij7suomS7DxdBamnwr/Xa0V5hpypf7I9oYKseF2FWz5Xh2a3wJNpVjgJy1adXVCxqIyPhghsrthnfCt7EblsQ==",
      "requires": {
        "@webcomponents/shadycss": "^1.9.1"
      }
    },
    "@webcomponents/shadycss": {
      "version": "1.9.2",
      "resolved": "https://registry.npmjs.org/@webcomponents/shadycss/-/shadycss-1.9.2.tgz",
      "integrity": "sha512-GsD7RpDVrVdgC6e+D8zQia8RGNmEGQ9/qotnVPQYPrIXhGS5xSt6ZED9YmuHz3HbLqY+E54tE1EK3tjLzSCGrw=="
    },
    "@webcomponents/webcomponentsjs": {
      "version": "2.3.0",
      "resolved": "https://registry.npmjs.org/@webcomponents/webcomponentsjs/-/webcomponentsjs-2.3.0.tgz",
      "integrity": "sha512-sR6FOrNnnncRuoJDqq9QxtRsJMbIvASw4vnJwIYKVlKO3AMc+NAr/bIQNnUiTTE9pBDTJkFpVaUdjJaRdsjmyA=="
    },
    "lit-element": {
      "version": "2.2.1",
      "resolved": "https://registry.npmjs.org/lit-element/-/lit-element-2.2.1.tgz",
      "integrity": "sha512-ipDcgQ1EpW6Va2Z6dWm79jYdimVepO5GL0eYkZrFvdr0OD/1N260Q9DH+K5HXHFrRoC7dOg+ZpED2XE0TgGdXw==",
      "requires": {
        "lit-html": "^1.0.0"
      }
    },
    "lit-html": {
      "version": "1.1.2",
      "resolved": "https://registry.npmjs.org/lit-html/-/lit-html-1.1.2.tgz",
      "integrity": "sha512-FFlUMKHKi+qG1x1iHNZ1hrtc/zHmfYTyrSvs3/wBTvaNtpZjOZGWzU7efGYVpgp6KvWeKF6ql9/KsCq6Z/mEDA=="
    },
    "tslib": {
      "version": "1.10.0",
      "resolved": "https://registry.npmjs.org/tslib/-/tslib-1.10.0.tgz",
      "integrity": "sha512-qOebF53frne81cf0S9B41ByenJ3/IuH8yJKngAX35CmiZySA0khhkovshKK+jGCaMnVomla7gVlIcc3EvKPbTQ=="
    }
  }
}
